Microsoft Visual Studio Solution File, Format Version 12.00
# Visual Studio Version 17
VisualStudioVersion = 17.5.2.0
MinimumVisualStudioVersion = 10.0.40219.1
Project("{2150E333-8FDC-42A3-9474-1A3956D46DE8}") = "engine", "engine", "{D585295F-7994-3649-1065-7AA403C41681}"
EndProject
Project("{FAE04EC0-301F-11D3-BF4B-00C04F79EFBC}") = "server", "engine\server\server.csproj", "{61946574-3D32-1B6E-AE63-9224808225A8}"
EndProject
Project("{2150E333-8FDC-42A3-9474-1A3956D46DE8}") = "libs", "libs", "{F8370169-3E45-856F-5A6B-A16D191E6E22}"
EndProject
Project("{FAE04EC0-301F-11D3-BF4B-00C04F79EFBC}") = "shared", "engine\libs\shared\shared.csproj", "{98723FED-0599-DA77-9306-4474AAA9948D}"
EndProject
Global
	GlobalSection(SolutionConfigurationPlatforms) = preSolution
		Debug|Any CPU = Debug|Any CPU
		Release|Any CPU = Release|Any CPU
	EndGlobalSection
	GlobalSection(ProjectConfigurationPlatforms) = postSolution
		{61946574-3D32-1B6E-AE63-9224808225A8}.Debug|Any CPU.ActiveCfg = Debug|Any CPU
		{61946574-3D32-1B6E-AE63-9224808225A8}.Debug|Any CPU.Build.0 = Debug|Any CPU
		{61946574-3D32-1B6E-AE63-9224808225A8}.Release|Any CPU.ActiveCfg = Release|Any CPU
		{61946574-3D32-1B6E-AE63-9224808225A8}.Release|Any CPU.Build.0 = Release|Any CPU
		{98723FED-0599-DA77-9306-4474AAA9948D}.Debug|Any CPU.ActiveCfg = Debug|Any CPU
		{98723FED-0599-DA77-9306-4474AAA9948D}.Debug|Any CPU.Build.0 = Debug|Any CPU
		{98723FED-0599-DA77-9306-4474AAA9948D}.Release|Any CPU.ActiveCfg = Release|Any CPU
		{98723FED-0599-DA77-9306-4474AAA9948D}.Release|Any CPU.Build.0 = Release|Any CPU
	EndGlobalSection
	GlobalSection(SolutionProperties) = preSolution
		HideSolutionNode = FALSE
	EndGlobalSection
	GlobalSection(NestedProjects) = preSolution
		{61946574-3D32-1B6E-AE63-9224808225A8} = {D585295F-7994-3649-1065-7AA403C41681}
		{F8370169-3E45-856F-5A6B-A16D191E6E22} = {D585295F-7994-3649-1065-7AA403C41681}
		{98723FED-0599-DA77-9306-4474AAA9948D} = {F8370169-3E45-856F-5A6B-A16D191E6E22}
	EndGlobalSection
	GlobalSection(ExtensibilityGlobals) = postSolution
		SolutionGuid = {3A16BD5F-0F45-49FC-839D-41BB53F540E6}
	EndGlobalSection
EndGlobal
