
Microsoft Visual Studio Solution File, Format Version 12.00
# Visual Studio Version 17
VisualStudioVersion = 17.0.31903.59
MinimumVisualStudioVersion = 10.0.40219.1
Project("{FAE04EC0-301F-11D3-BF4B-00C04F79EFBC}") = "server", "server\server.csproj", "{C6EB1762-0ACA-4F04-A485-49FB0D0ED6DE}"
EndProject
Project("{2150E333-8FDC-42A3-9474-1A3956D46DE8}") = "libs", "libs", "{6C4D298B-81FB-2B6B-5AB6-46205EDDC72C}"
EndProject
Project("{FAE04EC0-301F-11D3-BF4B-00C04F79EFBC}") = "shared", "libs\shared\shared.csproj", "{22C8CE4D-EAED-41A2-859F-E663738D9542}"
EndProject
Global
	GlobalSection(SolutionConfigurationPlatforms) = preSolution
		Debug|Any CPU = Debug|Any CPU
		Debug|x64 = Debug|x64
		Debug|x86 = Debug|x86
		Release|Any CPU = Release|Any CPU
		Release|x64 = Release|x64
		Release|x86 = Release|x86
	EndGlobalSection
	GlobalSection(ProjectConfigurationPlatforms) = postSolution
		{C6EB1762-0ACA-4F04-A485-49FB0D0ED6DE}.Debug|Any CPU.ActiveCfg = Debug|Any CPU
		{C6EB1762-0ACA-4F04-A485-49FB0D0ED6DE}.Debug|Any CPU.Build.0 = Debug|Any CPU
		{C6EB1762-0ACA-4F04-A485-49FB0D0ED6DE}.Debug|x64.ActiveCfg = Debug|Any CPU
		{C6EB1762-0ACA-4F04-A485-49FB0D0ED6DE}.Debug|x64.Build.0 = Debug|Any CPU
		{C6EB1762-0ACA-4F04-A485-49FB0D0ED6DE}.Debug|x86.ActiveCfg = Debug|Any CPU
		{C6EB1762-0ACA-4F04-A485-49FB0D0ED6DE}.Debug|x86.Build.0 = Debug|Any CPU
		{C6EB1762-0ACA-4F04-A485-49FB0D0ED6DE}.Release|Any CPU.ActiveCfg = Release|Any CPU
		{C6EB1762-0ACA-4F04-A485-49FB0D0ED6DE}.Release|Any CPU.Build.0 = Release|Any CPU
		{C6EB1762-0ACA-4F04-A485-49FB0D0ED6DE}.Release|x64.ActiveCfg = Release|Any CPU
		{C6EB1762-0ACA-4F04-A485-49FB0D0ED6DE}.Release|x64.Build.0 = Release|Any CPU
		{C6EB1762-0ACA-4F04-A485-49FB0D0ED6DE}.Release|x86.ActiveCfg = Release|Any CPU
		{C6EB1762-0ACA-4F04-A485-49FB0D0ED6DE}.Release|x86.Build.0 = Release|Any CPU
		{22C8CE4D-EAED-41A2-859F-E663738D9542}.Debug|Any CPU.ActiveCfg = Debug|Any CPU
		{22C8CE4D-EAED-41A2-859F-E663738D9542}.Debug|Any CPU.Build.0 = Debug|Any CPU
		{22C8CE4D-EAED-41A2-859F-E663738D9542}.Debug|x64.ActiveCfg = Debug|Any CPU
		{22C8CE4D-EAED-41A2-859F-E663738D9542}.Debug|x64.Build.0 = Debug|Any CPU
		{22C8CE4D-EAED-41A2-859F-E663738D9542}.Debug|x86.ActiveCfg = Debug|Any CPU
		{22C8CE4D-EAED-41A2-859F-E663738D9542}.Debug|x86.Build.0 = Debug|Any CPU
		{22C8CE4D-EAED-41A2-859F-E663738D9542}.Release|Any CPU.ActiveCfg = Release|Any CPU
		{22C8CE4D-EAED-41A2-859F-E663738D9542}.Release|Any CPU.Build.0 = Release|Any CPU
		{22C8CE4D-EAED-41A2-859F-E663738D9542}.Release|x64.ActiveCfg = Release|Any CPU
		{22C8CE4D-EAED-41A2-859F-E663738D9542}.Release|x64.Build.0 = Release|Any CPU
		{22C8CE4D-EAED-41A2-859F-E663738D9542}.Release|x86.ActiveCfg = Release|Any CPU
		{22C8CE4D-EAED-41A2-859F-E663738D9542}.Release|x86.Build.0 = Release|Any CPU
	EndGlobalSection
	GlobalSection(SolutionProperties) = preSolution
		HideSolutionNode = FALSE
	EndGlobalSection
	GlobalSection(NestedProjects) = preSolution
		{22C8CE4D-EAED-41A2-859F-E663738D9542} = {6C4D298B-81FB-2B6B-5AB6-46205EDDC72C}
	EndGlobalSection
EndGlobal
